
Microsoft Visual Studio Solution File, Format Version 12.00
# Visual Studio Version 16
VisualStudioVersion = 16.0.31613.86
MinimumVisualStudioVersion = 10.0.40219.1
Project("{FAE04EC0-301F-11D3-BF4B-00C04F79EFBC}") = "ProjectCars", "ProjectCars.csproj", "{E41B8AAA-1468-42AB-B8E4-0447AC7DE7C1}"
EndProject
Global
	GlobalSection(SolutionConfigurationPlatforms) = preSolution
		Debug|Any CPU = Debug|Any CPU
		Release|Any CPU = Release|Any CPU
	EndGlobalSection
	GlobalSection(ProjectConfigurationPlatforms) = postSolution
		{E41B8AAA-1468-42AB-B8E4-0447AC7DE7C1}.Debug|Any CPU.ActiveCfg = Debug|Any CPU
		{E41B8AAA-1468-42AB-B8E4-0447AC7DE7C1}.Debug|Any CPU.Build.0 = Debug|Any CPU
		{E41B8AAA-1468-42AB-B8E4-0447AC7DE7C1}.Release|Any CPU.ActiveCfg = Release|Any CPU
		{E41B8AAA-1468-42AB-B8E4-0447AC7DE7C1}.Release|Any CPU.Build.0 = Release|Any CPU
	EndGlobalSection
	GlobalSection(SolutionProperties) = preSolution
		HideSolutionNode = FALSE
	EndGlobalSection
	GlobalSection(ExtensibilityGlobals) = postSolution
		SolutionGuid = {865C3A53-FE44-4C1D-A371-9940A6258360}
	EndGlobalSection
EndGlobal
